
Microsoft Visual Studio Solution File, Format Version 12.00
# Visual Studio 15
VisualStudioVersion = 15.0.28307.168
MinimumVisualStudioVersion = 10.0.40219.1
Project("{FAE04EC0-301F-11D3-BF4B-00C04F79EFBC}") = "Task6", "Task6\Task6.csproj", "{C9352860-A3A3-4131-B032-18C858A0E035}"
EndProject
Project("{FAE04EC0-301F-11D3-BF4B-00C04F79EFBC}") = "UnitTestProject1", "UnitTestProject1\UnitTestProject1.csproj", "{87E4FA65-29C5-4B0F-87A1-8452FC27B24A}"
EndProject
Global
	GlobalSection(SolutionConfigurationPlatforms) = preSolution
		Debug|Any CPU = Debug|Any CPU
		Release|Any CPU = Release|Any CPU
	EndGlobalSection
	GlobalSection(ProjectConfigurationPlatforms) = postSolution
		{C9352860-A3A3-4131-B032-18C858A0E035}.Debug|Any CPU.ActiveCfg = Debug|Any CPU
		{C9352860-A3A3-4131-B032-18C858A0E035}.Debug|Any CPU.Build.0 = Debug|Any CPU
		{C9352860-A3A3-4131-B032-18C858A0E035}.Release|Any CPU.ActiveCfg = Release|Any CPU
		{C9352860-A3A3-4131-B032-18C858A0E035}.Release|Any CPU.Build.0 = Release|Any CPU
		{87E4FA65-29C5-4B0F-87A1-8452FC27B24A}.Debug|Any CPU.ActiveCfg = Debug|Any CPU
		{87E4FA65-29C5-4B0F-87A1-8452FC27B24A}.Debug|Any CPU.Build.0 = Debug|Any CPU
		{87E4FA65-29C5-4B0F-87A1-8452FC27B24A}.Release|Any CPU.ActiveCfg = Release|Any CPU
		{87E4FA65-29C5-4B0F-87A1-8452FC27B24A}.Release|Any CPU.Build.0 = Release|Any CPU
	EndGlobalSection
	GlobalSection(SolutionProperties) = preSolution
		HideSolutionNode = FALSE
	EndGlobalSection
	GlobalSection(ExtensibilityGlobals) = postSolution
		SolutionGuid = {7589F8FA-F1C9-462D-A46F-12425C5C0821}
	EndGlobalSection
EndGlobal
